
Microsoft Visual Studio Solution File, Format Version 12.00
# Visual Studio Version 17
VisualStudioVersion = 17.3.32922.545
MinimumVisualStudioVersion = 10.0.40219.1
Project("{FAE04EC0-301F-11D3-BF4B-00C04F79EFBC}") = "LMS", "LMS\LMS.csproj", "{D94955BF-43C5-402A-9965-66A1DA4493E6}"
EndProject
Global
	GlobalSection(SolutionConfigurationPlatforms) = preSolution
		Debug|Any CPU = Debug|Any CPU
		Release|Any CPU = Release|Any CPU
	EndGlobalSection
	GlobalSection(ProjectConfigurationPlatforms) = postSolution
		{D94955BF-43C5-402A-9965-66A1DA4493E6}.Debug|Any CPU.ActiveCfg = Debug|Any CPU
		{D94955BF-43C5-402A-9965-66A1DA4493E6}.Debug|Any CPU.Build.0 = Debug|Any CPU
		{D94955BF-43C5-402A-9965-66A1DA4493E6}.Release|Any CPU.ActiveCfg = Release|Any CPU
		{D94955BF-43C5-402A-9965-66A1DA4493E6}.Release|Any CPU.Build.0 = Release|Any CPU
	EndGlobalSection
	GlobalSection(SolutionProperties) = preSolution
		HideSolutionNode = FALSE
	EndGlobalSection
	GlobalSection(ExtensibilityGlobals) = postSolution
		SolutionGuid = {AA247D24-3637-49B9-AD5C-3EFFBEB1D367}
	EndGlobalSection
EndGlobal
